// !$*UTF8*$!
{
	archiveVersion = 1;
	classes = {};
	objectVersion = 56;
	objects = {
		8C08A5ADDD248587ADD3C470 = {
			isa = PBXFileReference;
			lastKnownFileType = sourcecode.swift;
			name = AudioSessionCoordinator.swift;
			path = Plurifold/App/AudioSessionCoordinator.swift;
			sourceTree = SOURCE_ROOT;
		};
		064F4F85BBCA5BFBAD73D552 = {
			isa = PBXBuildFile;
			fileRef = 8C08A5ADDD248587ADD3C470;
		};
		91D3016F519CF3CC3A4036A1 = {
			isa = PBXFileReference;
			lastKnownFileType = sourcecode.swift;
			name = PlurifoldApp.swift;
			path = Plurifold/App/PlurifoldApp.swift;
			sourceTree = SOURCE_ROOT;
		};
		73FEF8B1AC743D430673C4C6 = {
			isa = PBXBuildFile;
			fileRef = 91D3016F519CF3CC3A4036A1;
		};
		398BC9AAAA4AE036C54B4E26 = {
			isa = PBXFileReference;
			lastKnownFileType = sourcecode.swift;
			name = SpeechPlayer.swift;
			path = Plurifold/App/SpeechPlayer.swift;
			sourceTree = SOURCE_ROOT;
		};
		F197E690FA9B9CA7CA0CD842 = {
			isa = PBXBuildFile;
			fileRef = 398BC9AAAA4AE036C54B4E26;
		};
		57F78112B0643FF607A011F5 = {
			isa = PBXFileReference;
			lastKnownFileType = sourcecode.swift;
			name = AppAppearance.swift;
			path = Plurifold/Models/AppAppearance.swift;
			sourceTree = SOURCE_ROOT;
		};
		3ABC2B34BA6D74E42710D5D2 = {
			isa = PBXBuildFile;
			fileRef = 57F78112B0643FF607A011F5;
		};
		70CD3A1001587DC7A8A6EDE9 = {
			isa = PBXFileReference;
			lastKnownFileType = sourcecode.swift;
			name = LessonTranscriptTimeline.swift;
			path = Plurifold/Models/LessonTranscriptTimeline.swift;
			sourceTree = SOURCE_ROOT;
		};
		4146F7FCA5819F34D97F73C0 = {
			isa = PBXBuildFile;
			fileRef = 70CD3A1001587DC7A8A6EDE9;
		};
		65CECF22CA27676898E2093C = {
			isa = PBXFileReference;
			lastKnownFileType = sourcecode.swift;
			name = LiveLibrary.swift;
			path = Plurifold/Models/LiveLibrary.swift;
			sourceTree = SOURCE_ROOT;
		};
		652A0B32870875637629454C = {
			isa = PBXBuildFile;
			fileRef = 65CECF22CA27676898E2093C;
		};
		E18643DCA81D6D5576910EED = {
			isa = PBXFileReference;
			lastKnownFileType = sourcecode.swift;
			name = MobileCourseContent.swift;
			path = Plurifold/Models/MobileCourseContent.swift;
			sourceTree = SOURCE_ROOT;
		};
		444DC3C1F8F24E67A0ACC4D8 = {
			isa = PBXBuildFile;
			fileRef = E18643DCA81D6D5576910EED;
		};
		71ADBC42ECC18795B0AC4803 = {
			isa = PBXFileReference;
			lastKnownFileType = sourcecode.swift;
			name = MobileEdgeSwipe.swift;
			path = Plurifold/Models/MobileEdgeSwipe.swift;
			sourceTree = SOURCE_ROOT;
		};
		33F24DAAA1C7A15C11E8F595 = {
			isa = PBXBuildFile;
			fileRef = 71ADBC42ECC18795B0AC4803;
		};
		FBAFBC65A9061DE7AE9E9EB1 = {
			isa = PBXFileReference;
			lastKnownFileType = sourcecode.swift;
			name = MobileLanguageCatalog.swift;
			path = Plurifold/Models/MobileLanguageCatalog.swift;
			sourceTree = SOURCE_ROOT;
		};
		265AFCB8CB48947F58D1DDE6 = {
			isa = PBXBuildFile;
			fileRef = FBAFBC65A9061DE7AE9E9EB1;
		};
		489F135F79503D26C6230310 = {
			isa = PBXFileReference;
			lastKnownFileType = sourcecode.swift;
			name = MobileLibraryIndex.swift;
			path = Plurifold/Models/MobileLibraryIndex.swift;
			sourceTree = SOURCE_ROOT;
		};
		DF144BFA758030CD5E5BCE46 = {
			isa = PBXBuildFile;
			fileRef = 489F135F79503D26C6230310;
		};
		57536FEBA730DF145533431B = {
			isa = PBXFileReference;
			lastKnownFileType = sourcecode.swift;
			name = MobileLibraryShelf.swift;
			path = Plurifold/Models/MobileLibraryShelf.swift;
			sourceTree = SOURCE_ROOT;
		};
		5A86341D97B99553B5515FC2 = {
			isa = PBXBuildFile;
			fileRef = 57536FEBA730DF145533431B;
		};
		1E1BD5C8D6FA5F78E71716F0 = {
			isa = PBXFileReference;
			lastKnownFileType = sourcecode.swift;
			name = MobileStudyScope.swift;
			path = Plurifold/Models/MobileStudyScope.swift;
			sourceTree = SOURCE_ROOT;
		};
		271425FBD693E35D6EF48401 = {
			isa = PBXBuildFile;
			fileRef = 1E1BD5C8D6FA5F78E71716F0;
		};
		E1FD20C5A99C5180F17A7339 = {
			isa = PBXFileReference;
			lastKnownFileType = sourcecode.swift;
			name = MobileVocabularyReview.swift;
			path = Plurifold/Models/MobileVocabularyReview.swift;
			sourceTree = SOURCE_ROOT;
		};
		0BEF205F08D40FECF194FE44 = {
			isa = PBXBuildFile;
			fileRef = E1FD20C5A99C5180F17A7339;
		};
		FCCDE74481761E321180F995 = {
			isa = PBXFileReference;
			lastKnownFileType = sourcecode.swift;
			name = ReadingDocument.swift;
			path = Plurifold/Models/ReadingDocument.swift;
			sourceTree = SOURCE_ROOT;
		};
		6BE4D1623D292EFDB86172C6 = {
			isa = PBXBuildFile;
			fileRef = FCCDE74481761E321180F995;
		};
		FD6B7460B0E80F95C17CE802 = {
			isa = PBXFileReference;
			lastKnownFileType = sourcecode.swift;
			name = SidebarMotion.swift;
			path = Plurifold/Models/SidebarMotion.swift;
			sourceTree = SOURCE_ROOT;
		};
		001990D55EA2295FF8AE8755 = {
			isa = PBXBuildFile;
			fileRef = FD6B7460B0E80F95C17CE802;
		};
		45FDF515BE2FBDD1DA7F1820 = {
			isa = PBXFileReference;
			lastKnownFileType = sourcecode.swift;
			name = StudyCatalog.swift;
			path = Plurifold/Models/StudyCatalog.swift;
			sourceTree = SOURCE_ROOT;
		};
		942F1C1BB79653E18F634AA6 = {
			isa = PBXBuildFile;
			fileRef = 45FDF515BE2FBDD1DA7F1820;
		};
		04EF4073610BF239A5FE9CCD = {
			isa = PBXFileReference;
			lastKnownFileType = sourcecode.swift;
			name = StudyStore.swift;
			path = Plurifold/Models/StudyStore.swift;
			sourceTree = SOURCE_ROOT;
		};
		801E2D711DD13164ED25902E = {
			isa = PBXBuildFile;
			fileRef = 04EF4073610BF239A5FE9CCD;
		};
		BC71A782F140CE6CFD4AEF32 = {
			isa = PBXFileReference;
			lastKnownFileType = sourcecode.swift;
			name = TermDefinitions.swift;
			path = Plurifold/Models/TermDefinitions.swift;
			sourceTree = SOURCE_ROOT;
		};
		5AA61B68D10DCAB642094FF0 = {
			isa = PBXBuildFile;
			fileRef = BC71A782F140CE6CFD4AEF32;
		};
		8F0C391B8A9BBAEA1293B623 = {
			isa = PBXFileReference;
			lastKnownFileType = sourcecode.swift;
			name = NativeSession.swift;
			path = Plurifold/Networking/NativeSession.swift;
			sourceTree = SOURCE_ROOT;
		};
		EA26215B2CBBB6E4A0843930 = {
			isa = PBXBuildFile;
			fileRef = 8F0C391B8A9BBAEA1293B623;
		};
		27B800BF2A67A1979D115795 = {
			isa = PBXFileReference;
			lastKnownFileType = sourcecode.swift;
			name = PlurifoldAPI.swift;
			path = Plurifold/Networking/PlurifoldAPI.swift;
			sourceTree = SOURCE_ROOT;
		};
		38D2436C76464B6888E6D73A = {
			isa = PBXBuildFile;
			fileRef = 27B800BF2A67A1979D115795;
		};
		B078C8266EB18850E16793C2 = {
			isa = PBXFileReference;
			lastKnownFileType = sourcecode.swift;
			name = AppChrome.swift;
			path = Plurifold/Views/AppChrome.swift;
			sourceTree = SOURCE_ROOT;
		};
		12E5467028C57AA81AD0A4A9 = {
			isa = PBXBuildFile;
			fileRef = B078C8266EB18850E16793C2;
		};
		BE655302D7AC9EA9024A3C42 = {
			isa = PBXFileReference;
			lastKnownFileType = sourcecode.swift;
			name = AppSidebar.swift;
			path = Plurifold/Views/AppSidebar.swift;
			sourceTree = SOURCE_ROOT;
		};
		79C60FEE37E2EFACC3BA4CF6 = {
			isa = PBXBuildFile;
			fileRef = BE655302D7AC9EA9024A3C42;
		};
		1DD473AADA9AE996BA68047C = {
			isa = PBXFileReference;
			lastKnownFileType = sourcecode.swift;
			name = CourseActivityView.swift;
			path = Plurifold/Views/CourseActivityView.swift;
			sourceTree = SOURCE_ROOT;
		};
		5B58BE6552AC71E88E532BF9 = {
			isa = PBXBuildFile;
			fileRef = 1DD473AADA9AE996BA68047C;
		};
		DD8574F1C4ED626163936A77 = {
			isa = PBXFileReference;
			lastKnownFileType = sourcecode.swift;
			name = CourseExerciseView.swift;
			path = Plurifold/Views/CourseExerciseView.swift;
			sourceTree = SOURCE_ROOT;
		};
		F589FB07E35D38E9E7ECD85E = {
			isa = PBXBuildFile;
			fileRef = DD8574F1C4ED626163936A77;
		};
		7DD651426C7C24487EDB7D50 = {
			isa = PBXFileReference;
			lastKnownFileType = sourcecode.swift;
			name = EdgeSwipeNavigation.swift;
			path = Plurifold/Views/EdgeSwipeNavigation.swift;
			sourceTree = SOURCE_ROOT;
		};
		8EA5C7C25E823A0C59982687 = {
			isa = PBXBuildFile;
			fileRef = 7DD651426C7C24487EDB7D50;
		};
		67E282A4ADCD2A1325542B48 = {
			isa = PBXFileReference;
			lastKnownFileType = sourcecode.swift;
			name = LessonMediaPlayer.swift;
			path = Plurifold/Views/LessonMediaPlayer.swift;
			sourceTree = SOURCE_ROOT;
		};
		1189CD96FECD08F49A6AABEA = {
			isa = PBXBuildFile;
			fileRef = 67E282A4ADCD2A1325542B48;
		};
		6CCE791C99C49FA04D320090 = {
			isa = PBXFileReference;
			lastKnownFileType = sourcecode.swift;
			name = LessonPlaybackSheet.swift;
			path = Plurifold/Views/LessonPlaybackSheet.swift;
			sourceTree = SOURCE_ROOT;
		};
		78460AFBAE18CEA0D5891148 = {
			isa = PBXBuildFile;
			fileRef = 6CCE791C99C49FA04D320090;
		};
		28695C701D4556AE7F77EA26 = {
			isa = PBXFileReference;
			lastKnownFileType = sourcecode.swift;
			name = LibraryView.swift;
			path = Plurifold/Views/LibraryView.swift;
			sourceTree = SOURCE_ROOT;
		};
		925FBE29E4DACFD93A142C87 = {
			isa = PBXBuildFile;
			fileRef = 28695C701D4556AE7F77EA26;
		};
		274AF5D5DF6DE1E8B5693295 = {
			isa = PBXFileReference;
			lastKnownFileType = sourcecode.swift;
			name = LiveCourseView.swift;
			path = Plurifold/Views/LiveCourseView.swift;
			sourceTree = SOURCE_ROOT;
		};
		FB7CE91BE72F5689BE1DA125 = {
			isa = PBXBuildFile;
			fileRef = 274AF5D5DF6DE1E8B5693295;
		};
		ADA7C43E042B9C802E0D7B93 = {
			isa = PBXFileReference;
			lastKnownFileType = sourcecode.swift;
			name = LiveHomeView.swift;
			path = Plurifold/Views/LiveHomeView.swift;
			sourceTree = SOURCE_ROOT;
		};
		0B057DCD912F3B15CA839443 = {
			isa = PBXBuildFile;
			fileRef = ADA7C43E042B9C802E0D7B93;
		};
		551CA7DC3E8BCF66A500A7C1 = {
			isa = PBXFileReference;
			lastKnownFileType = sourcecode.swift;
			name = LiveLibraryView.swift;
			path = Plurifold/Views/LiveLibraryView.swift;
			sourceTree = SOURCE_ROOT;
		};
		205BD47E7B7D8A2EF076AD3C = {
			isa = PBXBuildFile;
			fileRef = 551CA7DC3E8BCF66A500A7C1;
		};
		68F685F65E630A1AD48AC010 = {
			isa = PBXFileReference;
			lastKnownFileType = sourcecode.swift;
			name = LiveReaderView.swift;
			path = Plurifold/Views/LiveReaderView.swift;
			sourceTree = SOURCE_ROOT;
		};
		8F0F30D428935EC2B449FE6A = {
			isa = PBXBuildFile;
			fileRef = 68F685F65E630A1AD48AC010;
		};
		1F3FAF6C0EC547EEB93BFCE6 = {
			isa = PBXFileReference;
			lastKnownFileType = sourcecode.swift;
			name = LiveReviewView.swift;
			path = Plurifold/Views/LiveReviewView.swift;
			sourceTree = SOURCE_ROOT;
		};
		794E70C599E240D60BCC6119 = {
			isa = PBXBuildFile;
			fileRef = 1F3FAF6C0EC547EEB93BFCE6;
		};
		CB83AE2569A2E8514406BD32 = {
			isa = PBXFileReference;
			lastKnownFileType = sourcecode.swift;
			name = LiveWordsView.swift;
			path = Plurifold/Views/LiveWordsView.swift;
			sourceTree = SOURCE_ROOT;
		};
		E1C965005A51C44B9BAC63C3 = {
			isa = PBXBuildFile;
			fileRef = CB83AE2569A2E8514406BD32;
		};
		A3131D858AAB9259FCE3E8AC = {
			isa = PBXFileReference;
			lastKnownFileType = sourcecode.swift;
			name = PlurifoldLogo.swift;
			path = Plurifold/Views/PlurifoldLogo.swift;
			sourceTree = SOURCE_ROOT;
		};
		32FDF396F38F644B5D2FEFE5 = {
			isa = PBXBuildFile;
			fileRef = A3131D858AAB9259FCE3E8AC;
		};
		74BA000BB8654EDBD9234CB5 = {
			isa = PBXFileReference;
			lastKnownFileType = sourcecode.swift;
			name = PracticeView.swift;
			path = Plurifold/Views/PracticeView.swift;
			sourceTree = SOURCE_ROOT;
		};
		50F9201B28DF0EE4A22F8C73 = {
			isa = PBXBuildFile;
			fileRef = 74BA000BB8654EDBD9234CB5;
		};
		A496D34654A89E2D75E0C8E8 = {
			isa = PBXFileReference;
			lastKnownFileType = sourcecode.swift;
			name = ProgressScreen.swift;
			path = Plurifold/Views/ProgressScreen.swift;
			sourceTree = SOURCE_ROOT;
		};
		842F52A8E5ECFA0C28985415 = {
			isa = PBXBuildFile;
			fileRef = A496D34654A89E2D75E0C8E8;
		};
		5618201D1727379BC085170B = {
			isa = PBXFileReference;
			lastKnownFileType = sourcecode.swift;
			name = ReaderSelectionBar.swift;
			path = Plurifold/Views/ReaderSelectionBar.swift;
			sourceTree = SOURCE_ROOT;
		};
		48E468FF6DC55740BF2A46AF = {
			isa = PBXBuildFile;
			fileRef = 5618201D1727379BC085170B;
		};
		94B76FF09A0E87A3AA6A566D = {
			isa = PBXFileReference;
			lastKnownFileType = sourcecode.swift;
			name = ReaderView.swift;
			path = Plurifold/Views/ReaderView.swift;
			sourceTree = SOURCE_ROOT;
		};
		C8D5E789B0EAA4C9DAD54F1F = {
			isa = PBXBuildFile;
			fileRef = 94B76FF09A0E87A3AA6A566D;
		};
		6ED438A287D1A257E821DDEF = {
			isa = PBXFileReference;
			lastKnownFileType = sourcecode.swift;
			name = SelectablePassage.swift;
			path = Plurifold/Views/SelectablePassage.swift;
			sourceTree = SOURCE_ROOT;
		};
		7DAED73717D5268D9F69C61B = {
			isa = PBXBuildFile;
			fileRef = 6ED438A287D1A257E821DDEF;
		};
		32B9269786FD6312633ADD2C = {
			isa = PBXFileReference;
			lastKnownFileType = sourcecode.swift;
			name = SelectionInsightSheet.swift;
			path = Plurifold/Views/SelectionInsightSheet.swift;
			sourceTree = SOURCE_ROOT;
		};
		755638EA3B255CE6699E85C1 = {
			isa = PBXBuildFile;
			fileRef = 32B9269786FD6312633ADD2C;
		};
		6DA01B97B48F10D329182A98 = {
			isa = PBXFileReference;
			lastKnownFileType = sourcecode.swift;
			name = SentenceStudySheet.swift;
			path = Plurifold/Views/SentenceStudySheet.swift;
			sourceTree = SOURCE_ROOT;
		};
		8F5C796E4B3C7BF6560D1ECA = {
			isa = PBXBuildFile;
			fileRef = 6DA01B97B48F10D329182A98;
		};
		10EC8095A40C01685C38498B = {
			isa = PBXFileReference;
			lastKnownFileType = sourcecode.swift;
			name = SidebarNavigationContainer.swift;
			path = Plurifold/Views/SidebarNavigationContainer.swift;
			sourceTree = SOURCE_ROOT;
		};
		7741ED8ED2747D99C8C44D30 = {
			isa = PBXBuildFile;
			fileRef = 10EC8095A40C01685C38498B;
		};
		37B982ABA9965D7F0D443853 = {
			isa = PBXFileReference;
			lastKnownFileType = sourcecode.swift;
			name = SignInView.swift;
			path = Plurifold/Views/SignInView.swift;
			sourceTree = SOURCE_ROOT;
		};
		47109B9DAE50B344A675BF3A = {
			isa = PBXBuildFile;
			fileRef = 37B982ABA9965D7F0D443853;
		};
		5C27279515916A0EF6D55024 = {
			isa = PBXFileReference;
			lastKnownFileType = sourcecode.swift;
			name = Theme.swift;
			path = Plurifold/Views/Theme.swift;
			sourceTree = SOURCE_ROOT;
		};
		762E183886E467C74CEB4DA9 = {
			isa = PBXBuildFile;
			fileRef = 5C27279515916A0EF6D55024;
		};
		EB736CFFA0B82792D7C2658E = {
			isa = PBXFileReference;
			lastKnownFileType = sourcecode.swift;
			name = WordsView.swift;
			path = Plurifold/Views/WordsView.swift;
			sourceTree = SOURCE_ROOT;
		};
		85AAF029264BBF1D4BC9F171 = {
			isa = PBXBuildFile;
			fileRef = EB736CFFA0B82792D7C2658E;
		};
		9FC0AD6CBACCF4848DDC01A8 = {
			isa = PBXFileReference;
			lastKnownFileType = folder.assetcatalog;
			name = Assets.xcassets;
			path = Plurifold/Resources/Assets.xcassets;
			sourceTree = SOURCE_ROOT;
		};
		4C2D221EB788FBC4B4F95D4E = {
			isa = PBXBuildFile;
			fileRef = 9FC0AD6CBACCF4848DDC01A8;
		};
		A992EB019FD3F1296346B3F3 = {
			isa = PBXFileReference;
			lastKnownFileType = text.xml;
			name = PrivacyInfo.xcprivacy;
			path = Plurifold/Resources/PrivacyInfo.xcprivacy;
			sourceTree = SOURCE_ROOT;
		};
		1D024FD6ADAC915471BD21FD = {
			isa = PBXBuildFile;
			fileRef = A992EB019FD3F1296346B3F3;
		};
		C5ADB574442B4FC237C5578E = {
			isa = PBXFileReference;
			lastKnownFileType = text.json;
			name = catalog.json;
			path = Plurifold/Resources/catalog.json;
			sourceTree = SOURCE_ROOT;
		};
		CFF71E6924D30AECFF8BC922 = {
			isa = PBXBuildFile;
			fileRef = C5ADB574442B4FC237C5578E;
		};
		8C49776DD068712CD55D46B2 = {
			isa = PBXFileReference;
			lastKnownFileType = sourcecode.swift;
			name = AppAppearanceTests.swift;
			path = PlurifoldTests/AppAppearanceTests.swift;
			sourceTree = SOURCE_ROOT;
		};
		8A524B226F6A9F33A1F431C0 = {
			isa = PBXBuildFile;
			fileRef = 8C49776DD068712CD55D46B2;
		};
		4A593D179A84AA763459AB64 = {
			isa = PBXFileReference;
			lastKnownFileType = sourcecode.swift;
			name = LessonTranscriptTimelineTests.swift;
			path = PlurifoldTests/LessonTranscriptTimelineTests.swift;
			sourceTree = SOURCE_ROOT;
		};
		2A2DF71F7EE313CF7F57E349 = {
			isa = PBXBuildFile;
			fileRef = 4A593D179A84AA763459AB64;
		};
		11A9D357D6BAD0B274F52A36 = {
			isa = PBXFileReference;
			lastKnownFileType = sourcecode.swift;
			name = MobileCourseContentTests.swift;
			path = PlurifoldTests/MobileCourseContentTests.swift;
			sourceTree = SOURCE_ROOT;
		};
		E706D2DB7916E0B25A680554 = {
			isa = PBXBuildFile;
			fileRef = 11A9D357D6BAD0B274F52A36;
		};
		ACDE2441018A69AB059EE86D = {
			isa = PBXFileReference;
			lastKnownFileType = sourcecode.swift;
			name = MobileLanguageCatalogTests.swift;
			path = PlurifoldTests/MobileLanguageCatalogTests.swift;
			sourceTree = SOURCE_ROOT;
		};
		E6A046922C6410DAC801539F = {
			isa = PBXBuildFile;
			fileRef = ACDE2441018A69AB059EE86D;
		};
		98A52FBD2A999FC18F1ADC67 = {
			isa = PBXFileReference;
			lastKnownFileType = sourcecode.swift;
			name = MobileLibraryIndexTests.swift;
			path = PlurifoldTests/MobileLibraryIndexTests.swift;
			sourceTree = SOURCE_ROOT;
		};
		65524EE3EE75525C71F7956E = {
			isa = PBXBuildFile;
			fileRef = 98A52FBD2A999FC18F1ADC67;
		};
		5C76224D1AFBF10BCFDCF49A = {
			isa = PBXFileReference;
			lastKnownFileType = sourcecode.swift;
			name = MobileLibraryShelfTests.swift;
			path = PlurifoldTests/MobileLibraryShelfTests.swift;
			sourceTree = SOURCE_ROOT;
		};
		320B5080435A394026B0D39E = {
			isa = PBXBuildFile;
			fileRef = 5C76224D1AFBF10BCFDCF49A;
		};
		77FAD39135F8D56E2794CA5C = {
			isa = PBXFileReference;
			lastKnownFileType = sourcecode.swift;
			name = MobileStudyScopeTests.swift;
			path = PlurifoldTests/MobileStudyScopeTests.swift;
			sourceTree = SOURCE_ROOT;
		};
		85E6FB6D815149B338730628 = {
			isa = PBXBuildFile;
			fileRef = 77FAD39135F8D56E2794CA5C;
		};
		DA6E73682649E2F7377DD9CB = {
			isa = PBXFileReference;
			lastKnownFileType = sourcecode.swift;
			name = MobileVocabularyReviewTests.swift;
			path = PlurifoldTests/MobileVocabularyReviewTests.swift;
			sourceTree = SOURCE_ROOT;
		};
		1424F2DC829C9BCF7BC3C43D = {
			isa = PBXBuildFile;
			fileRef = DA6E73682649E2F7377DD9CB;
		};
		F6EF041952115A4BBD5BCABB = {
			isa = PBXFileReference;
			lastKnownFileType = sourcecode.swift;
			name = NativeSessionTests.swift;
			path = PlurifoldTests/NativeSessionTests.swift;
			sourceTree = SOURCE_ROOT;
		};
		F562DE94BB7A2DA290597243 = {
			isa = PBXBuildFile;
			fileRef = F6EF041952115A4BBD5BCABB;
		};
		2CAAD1237BE18426D8F28DD2 = {
			isa = PBXFileReference;
			lastKnownFileType = sourcecode.swift;
			name = PassageSelectionTests.swift;
			path = PlurifoldTests/PassageSelectionTests.swift;
			sourceTree = SOURCE_ROOT;
		};
		0F72CEBFF839F4875FFB6B41 = {
			isa = PBXBuildFile;
			fileRef = 2CAAD1237BE18426D8F28DD2;
		};
		613C048CC301C47E4F97449D = {
			isa = PBXFileReference;
			lastKnownFileType = sourcecode.swift;
			name = ReadingSentenceTests.swift;
			path = PlurifoldTests/ReadingSentenceTests.swift;
			sourceTree = SOURCE_ROOT;
		};
		5AC76136B058CFE0363E83D3 = {
			isa = PBXBuildFile;
			fileRef = 613C048CC301C47E4F97449D;
		};
		ABEDD5E54000503E37411353 = {
			isa = PBXFileReference;
			lastKnownFileType = sourcecode.swift;
			name = SidebarMotionTests.swift;
			path = PlurifoldTests/SidebarMotionTests.swift;
			sourceTree = SOURCE_ROOT;
		};
		B132313C62CAE02E05680523 = {
			isa = PBXBuildFile;
			fileRef = ABEDD5E54000503E37411353;
		};
		AEB66B25AAAAAE17E5207641 = {
			isa = PBXFileReference;
			lastKnownFileType = sourcecode.swift;
			name = StudyStoreTests.swift;
			path = PlurifoldTests/StudyStoreTests.swift;
			sourceTree = SOURCE_ROOT;
		};
		0FB00C0B29D9AE6685ACF9F0 = {
			isa = PBXBuildFile;
			fileRef = AEB66B25AAAAAE17E5207641;
		};
		3631274E3A8AC23F1FE90EF5 = {
			isa = PBXFileReference;
			lastKnownFileType = sourcecode.swift;
			name = TermDefinitionsTests.swift;
			path = PlurifoldTests/TermDefinitionsTests.swift;
			sourceTree = SOURCE_ROOT;
		};
		42615D83D819438D66F8ED9F = {
			isa = PBXBuildFile;
			fileRef = 3631274E3A8AC23F1FE90EF5;
		};
		81F31879437340D5CD6ED968 = {
			isa = PBXFileReference;
			explicitFileType = wrapper.application;
			includeInIndex = 0;
			path = Plurifold.app;
			sourceTree = BUILT_PRODUCTS_DIR;
		};
		70F09BF32F6D77A92FF191B4 = {
			isa = PBXFileReference;
			explicitFileType = wrapper.cfbundle;
			includeInIndex = 0;
			path = PlurifoldTests.xctest;
			sourceTree = BUILT_PRODUCTS_DIR;
		};
		085ED06E573690BA3A56BC1E = {
			isa = PBXGroup;
			children = (
				8C08A5ADDD248587ADD3C470,
				91D3016F519CF3CC3A4036A1,
				398BC9AAAA4AE036C54B4E26,
				57F78112B0643FF607A011F5,
				70CD3A1001587DC7A8A6EDE9,
				65CECF22CA27676898E2093C,
				E18643DCA81D6D5576910EED,
				71ADBC42ECC18795B0AC4803,
				FBAFBC65A9061DE7AE9E9EB1,
				489F135F79503D26C6230310,
				57536FEBA730DF145533431B,
				1E1BD5C8D6FA5F78E71716F0,
				E1FD20C5A99C5180F17A7339,
				FCCDE74481761E321180F995,
				FD6B7460B0E80F95C17CE802,
				45FDF515BE2FBDD1DA7F1820,
				04EF4073610BF239A5FE9CCD,
				BC71A782F140CE6CFD4AEF32,
				8F0C391B8A9BBAEA1293B623,
				27B800BF2A67A1979D115795,
				B078C8266EB18850E16793C2,
				BE655302D7AC9EA9024A3C42,
				1DD473AADA9AE996BA68047C,
				DD8574F1C4ED626163936A77,
				7DD651426C7C24487EDB7D50,
				67E282A4ADCD2A1325542B48,
				6CCE791C99C49FA04D320090,
				28695C701D4556AE7F77EA26,
				274AF5D5DF6DE1E8B5693295,
				ADA7C43E042B9C802E0D7B93,
				551CA7DC3E8BCF66A500A7C1,
				68F685F65E630A1AD48AC010,
				1F3FAF6C0EC547EEB93BFCE6,
				CB83AE2569A2E8514406BD32,
				A3131D858AAB9259FCE3E8AC,
				74BA000BB8654EDBD9234CB5,
				A496D34654A89E2D75E0C8E8,
				5618201D1727379BC085170B,
				94B76FF09A0E87A3AA6A566D,
				6ED438A287D1A257E821DDEF,
				32B9269786FD6312633ADD2C,
				6DA01B97B48F10D329182A98,
				10EC8095A40C01685C38498B,
				37B982ABA9965D7F0D443853,
				5C27279515916A0EF6D55024,
				EB736CFFA0B82792D7C2658E,
				9FC0AD6CBACCF4848DDC01A8,
				A992EB019FD3F1296346B3F3,
				C5ADB574442B4FC237C5578E,
			);
			name = Plurifold;
			sourceTree = "<group>";
		};
		D60409337774CCE94860379A = {
			isa = PBXGroup;
			children = (
				8C49776DD068712CD55D46B2,
				4A593D179A84AA763459AB64,
				11A9D357D6BAD0B274F52A36,
				ACDE2441018A69AB059EE86D,
				98A52FBD2A999FC18F1ADC67,
				5C76224D1AFBF10BCFDCF49A,
				77FAD39135F8D56E2794CA5C,
				DA6E73682649E2F7377DD9CB,
				F6EF041952115A4BBD5BCABB,
				2CAAD1237BE18426D8F28DD2,
				613C048CC301C47E4F97449D,
				ABEDD5E54000503E37411353,
				AEB66B25AAAAAE17E5207641,
				3631274E3A8AC23F1FE90EF5,
			);
			name = PlurifoldTests;
			sourceTree = "<group>";
		};
		6F7199ED7B63CDA338A0FB82 = {
			isa = PBXGroup;
			children = (
				81F31879437340D5CD6ED968,
				70F09BF32F6D77A92FF191B4,
			);
			name = Products;
			sourceTree = "<group>";
		};
		CC5D242D023A9271190EA7C6 = {
			isa = PBXGroup;
			children = (
				085ED06E573690BA3A56BC1E,
				D60409337774CCE94860379A,
				6F7199ED7B63CDA338A0FB82,
			);
			sourceTree = "<group>";
		};
		6ACE7BC297BF23705D4E5F56 = {
			isa = PBXSourcesBuildPhase;
			buildActionMask = 2147483647;
			files = (
				064F4F85BBCA5BFBAD73D552,
				73FEF8B1AC743D430673C4C6,
				F197E690FA9B9CA7CA0CD842,
				3ABC2B34BA6D74E42710D5D2,
				4146F7FCA5819F34D97F73C0,
				652A0B32870875637629454C,
				444DC3C1F8F24E67A0ACC4D8,
				33F24DAAA1C7A15C11E8F595,
				265AFCB8CB48947F58D1DDE6,
				DF144BFA758030CD5E5BCE46,
				5A86341D97B99553B5515FC2,
				271425FBD693E35D6EF48401,
				0BEF205F08D40FECF194FE44,
				6BE4D1623D292EFDB86172C6,
				001990D55EA2295FF8AE8755,
				942F1C1BB79653E18F634AA6,
				801E2D711DD13164ED25902E,
				5AA61B68D10DCAB642094FF0,
				EA26215B2CBBB6E4A0843930,
				38D2436C76464B6888E6D73A,
				12E5467028C57AA81AD0A4A9,
				79C60FEE37E2EFACC3BA4CF6,
				5B58BE6552AC71E88E532BF9,
				F589FB07E35D38E9E7ECD85E,
				8EA5C7C25E823A0C59982687,
				1189CD96FECD08F49A6AABEA,
				78460AFBAE18CEA0D5891148,
				925FBE29E4DACFD93A142C87,
				FB7CE91BE72F5689BE1DA125,
				0B057DCD912F3B15CA839443,
				205BD47E7B7D8A2EF076AD3C,
				8F0F30D428935EC2B449FE6A,
				794E70C599E240D60BCC6119,
				E1C965005A51C44B9BAC63C3,
				32FDF396F38F644B5D2FEFE5,
				50F9201B28DF0EE4A22F8C73,
				842F52A8E5ECFA0C28985415,
				48E468FF6DC55740BF2A46AF,
				C8D5E789B0EAA4C9DAD54F1F,
				7DAED73717D5268D9F69C61B,
				755638EA3B255CE6699E85C1,
				8F5C796E4B3C7BF6560D1ECA,
				7741ED8ED2747D99C8C44D30,
				47109B9DAE50B344A675BF3A,
				762E183886E467C74CEB4DA9,
				85AAF029264BBF1D4BC9F171,
			);
			runOnlyForDeploymentPostprocessing = 0;
		};
		13D58F750C9F7A867F986420 = {
			isa = PBXFrameworksBuildPhase;
			buildActionMask = 2147483647;
			files = ();
			runOnlyForDeploymentPostprocessing = 0;
		};
		EB12F685944315C425ABFF58 = {
			isa = PBXResourcesBuildPhase;
			buildActionMask = 2147483647;
			files = (
				4C2D221EB788FBC4B4F95D4E,
				1D024FD6ADAC915471BD21FD,
				CFF71E6924D30AECFF8BC922,
			);
			runOnlyForDeploymentPostprocessing = 0;
		};
		DE2F315977E833CC2ECF764D = {
			isa = PBXSourcesBuildPhase;
			buildActionMask = 2147483647;
			files = (
				8A524B226F6A9F33A1F431C0,
				2A2DF71F7EE313CF7F57E349,
				E706D2DB7916E0B25A680554,
				E6A046922C6410DAC801539F,
				65524EE3EE75525C71F7956E,
				320B5080435A394026B0D39E,
				85E6FB6D815149B338730628,
				1424F2DC829C9BCF7BC3C43D,
				F562DE94BB7A2DA290597243,
				0F72CEBFF839F4875FFB6B41,
				5AC76136B058CFE0363E83D3,
				B132313C62CAE02E05680523,
				0FB00C0B29D9AE6685ACF9F0,
				42615D83D819438D66F8ED9F,
			);
			runOnlyForDeploymentPostprocessing = 0;
		};
		09701C1ED473FC02B8A57D80 = {
			isa = PBXFrameworksBuildPhase;
			buildActionMask = 2147483647;
			files = ();
			runOnlyForDeploymentPostprocessing = 0;
		};
		41EB5A06123FA83769D9447E = {
			isa = PBXResourcesBuildPhase;
			buildActionMask = 2147483647;
			files = ();
			runOnlyForDeploymentPostprocessing = 0;
		};
		184B519F8E1416CCE38CFFD7 = {
			isa = XCBuildConfiguration;
			buildSettings = {
				ALWAYS_SEARCH_USER_PATHS = NO;
				CLANG_ENABLE_MODULES = YES;
				CLANG_ENABLE_OBJC_ARC = YES;
				COPY_PHASE_STRIP = NO;
				GCC_C_LANGUAGE_STANDARD = gnu17;
				IPHONEOS_DEPLOYMENT_TARGET = 17.0;
				SDKROOT = iphoneos;
				SWIFT_VERSION = 5.0;
				DEBUG_INFORMATION_FORMAT = dwarf;
				ENABLE_TESTABILITY = YES;
				GCC_OPTIMIZATION_LEVEL = 0;
				GCC_PREPROCESSOR_DEFINITIONS = (
					"DEBUG=1",
					"$(inherited)",
				);
				ONLY_ACTIVE_ARCH = YES;
				SWIFT_ACTIVE_COMPILATION_CONDITIONS = (
					DEBUG,
					"$(inherited)",
				);
				SWIFT_OPTIMIZATION_LEVEL = "-Onone";
			};
			name = Debug;
		};
		A824290273A346217D9BE6F4 = {
			isa = XCBuildConfiguration;
			buildSettings = {
				ALWAYS_SEARCH_USER_PATHS = NO;
				CLANG_ENABLE_MODULES = YES;
				CLANG_ENABLE_OBJC_ARC = YES;
				COPY_PHASE_STRIP = NO;
				GCC_C_LANGUAGE_STANDARD = gnu17;
				IPHONEOS_DEPLOYMENT_TARGET = 17.0;
				SDKROOT = iphoneos;
				SWIFT_VERSION = 5.0;
				DEBUG_INFORMATION_FORMAT = "dwarf-with-dsym";
				SWIFT_COMPILATION_MODE = wholemodule;
				SWIFT_OPTIMIZATION_LEVEL = "-O";
				VALIDATE_PRODUCT = YES;
			};
			name = Release;
		};
		1922B098E983995960BE56B0 = {
			isa = XCConfigurationList;
			buildConfigurations = (
				184B519F8E1416CCE38CFFD7,
				A824290273A346217D9BE6F4,
			);
			defaultConfigurationIsVisible = 0;
			defaultConfigurationName = Release;
		};
		0D9B6C467828201280D620A8 = {
			isa = XCBuildConfiguration;
			buildSettings = {
				CODE_SIGN_STYLE = Automatic;
				"CODE_SIGNING_ALLOWED[sdk=iphonesimulator*]" = NO;
				CURRENT_PROJECT_VERSION = 1;
				GENERATE_INFOPLIST_FILE = YES;
				MARKETING_VERSION = 1.0;
				PRODUCT_NAME = "$(TARGET_NAME)";
				SUPPORTED_PLATFORMS = "iphoneos iphonesimulator";
				SUPPORTS_MACCATALYST = NO;
				TARGETED_DEVICE_FAMILY = "1,2";
				SWIFT_EMIT_LOC_STRINGS = YES;
				PRODUCT_BUNDLE_IDENTIFIER = com.plurifold.ios.prototype;
				ASSETCATALOG_COMPILER_APPICON_NAME = AppIcon;
				INFOPLIST_KEY_CFBundleDisplayName = Plurifold;
				INFOPLIST_KEY_ITSAppUsesNonExemptEncryption = NO;
				INFOPLIST_KEY_LSApplicationCategoryType = "public.app-category.education";
				INFOPLIST_KEY_UIApplicationSceneManifest_Generation = YES;
				INFOPLIST_KEY_UIApplicationSupportsIndirectInputEvents = YES;
				INFOPLIST_KEY_UILaunchScreen_Generation = YES;
				INFOPLIST_KEY_UISupportedInterfaceOrientations_iPhone = "UIInterfaceOrientationPortrait UIInterfaceOrientationLandscapeLeft UIInterfaceOrientationLandscapeRight";
				INFOPLIST_KEY_UISupportedInterfaceOrientations_iPad = "UIInterfaceOrientationPortrait UIInterfaceOrientationPortraitUpsideDown UIInterfaceOrientationLandscapeLeft UIInterfaceOrientationLandscapeRight";
				LD_RUNPATH_SEARCH_PATHS = (
					"$(inherited)",
					"@executable_path/Frameworks",
				);
			};
			name = Debug;
		};
		E532E4CDC1E6865CE523475E = {
			isa = XCBuildConfiguration;
			buildSettings = {
				CODE_SIGN_STYLE = Automatic;
				"CODE_SIGNING_ALLOWED[sdk=iphonesimulator*]" = NO;
				CURRENT_PROJECT_VERSION = 1;
				GENERATE_INFOPLIST_FILE = YES;
				MARKETING_VERSION = 1.0;
				PRODUCT_NAME = "$(TARGET_NAME)";
				SUPPORTED_PLATFORMS = "iphoneos iphonesimulator";
				SUPPORTS_MACCATALYST = NO;
				TARGETED_DEVICE_FAMILY = "1,2";
				SWIFT_EMIT_LOC_STRINGS = YES;
				PRODUCT_BUNDLE_IDENTIFIER = com.plurifold.ios.prototype;
				ASSETCATALOG_COMPILER_APPICON_NAME = AppIcon;
				INFOPLIST_KEY_CFBundleDisplayName = Plurifold;
				INFOPLIST_KEY_ITSAppUsesNonExemptEncryption = NO;
				INFOPLIST_KEY_LSApplicationCategoryType = "public.app-category.education";
				INFOPLIST_KEY_UIApplicationSceneManifest_Generation = YES;
				INFOPLIST_KEY_UIApplicationSupportsIndirectInputEvents = YES;
				INFOPLIST_KEY_UILaunchScreen_Generation = YES;
				INFOPLIST_KEY_UISupportedInterfaceOrientations_iPhone = "UIInterfaceOrientationPortrait UIInterfaceOrientationLandscapeLeft UIInterfaceOrientationLandscapeRight";
				INFOPLIST_KEY_UISupportedInterfaceOrientations_iPad = "UIInterfaceOrientationPortrait UIInterfaceOrientationPortraitUpsideDown UIInterfaceOrientationLandscapeLeft UIInterfaceOrientationLandscapeRight";
				LD_RUNPATH_SEARCH_PATHS = (
					"$(inherited)",
					"@executable_path/Frameworks",
				);
			};
			name = Release;
		};
		7FA7C6DD60DC323C7F3FA76C = {
			isa = XCConfigurationList;
			buildConfigurations = (
				0D9B6C467828201280D620A8,
				E532E4CDC1E6865CE523475E,
			);
			defaultConfigurationIsVisible = 0;
			defaultConfigurationName = Release;
		};
		2D78CCEA355AAA4DECA10BA5 = {
			isa = XCBuildConfiguration;
			buildSettings = {
				CODE_SIGN_STYLE = Automatic;
				"CODE_SIGNING_ALLOWED[sdk=iphonesimulator*]" = NO;
				CURRENT_PROJECT_VERSION = 1;
				GENERATE_INFOPLIST_FILE = YES;
				MARKETING_VERSION = 1.0;
				PRODUCT_NAME = "$(TARGET_NAME)";
				SUPPORTED_PLATFORMS = "iphoneos iphonesimulator";
				SUPPORTS_MACCATALYST = NO;
				TARGETED_DEVICE_FAMILY = "1,2";
				SWIFT_EMIT_LOC_STRINGS = YES;
				PRODUCT_BUNDLE_IDENTIFIER = com.plurifold.ios.prototype.tests;
				BUNDLE_LOADER = "$(TEST_HOST)";
				TEST_HOST = "$(BUILT_PRODUCTS_DIR)/Plurifold.app/Plurifold";
				LD_RUNPATH_SEARCH_PATHS = (
					"$(inherited)",
					"@executable_path/Frameworks",
					"@loader_path/Frameworks",
				);
			};
			name = Debug;
		};
		F1D4FEDE61515AFDB9B202CA = {
			isa = XCBuildConfiguration;
			buildSettings = {
				CODE_SIGN_STYLE = Automatic;
				"CODE_SIGNING_ALLOWED[sdk=iphonesimulator*]" = NO;
				CURRENT_PROJECT_VERSION = 1;
				GENERATE_INFOPLIST_FILE = YES;
				MARKETING_VERSION = 1.0;
				PRODUCT_NAME = "$(TARGET_NAME)";
				SUPPORTED_PLATFORMS = "iphoneos iphonesimulator";
				SUPPORTS_MACCATALYST = NO;
				TARGETED_DEVICE_FAMILY = "1,2";
				SWIFT_EMIT_LOC_STRINGS = YES;
				PRODUCT_BUNDLE_IDENTIFIER = com.plurifold.ios.prototype.tests;
				BUNDLE_LOADER = "$(TEST_HOST)";
				TEST_HOST = "$(BUILT_PRODUCTS_DIR)/Plurifold.app/Plurifold";
				LD_RUNPATH_SEARCH_PATHS = (
					"$(inherited)",
					"@executable_path/Frameworks",
					"@loader_path/Frameworks",
				);
			};
			name = Release;
		};
		3AC24B37B5C6634D049790CE = {
			isa = XCConfigurationList;
			buildConfigurations = (
				2D78CCEA355AAA4DECA10BA5,
				F1D4FEDE61515AFDB9B202CA,
			);
			defaultConfigurationIsVisible = 0;
			defaultConfigurationName = Release;
		};
		8C1A045E96B998B40533C7FF = {
			isa = PBXNativeTarget;
			buildConfigurationList = 7FA7C6DD60DC323C7F3FA76C;
			buildPhases = (
				6ACE7BC297BF23705D4E5F56,
				13D58F750C9F7A867F986420,
				EB12F685944315C425ABFF58,
			);
			buildRules = ();
			dependencies = ();
			name = Plurifold;
			productName = Plurifold;
			productReference = 81F31879437340D5CD6ED968;
			productType = "com.apple.product-type.application";
		};
		7BBE231E09E510FA51430243 = {
			isa = PBXContainerItemProxy;
			containerPortal = 244210E48437B6556980A702;
			proxyType = 1;
			remoteGlobalIDString = 8C1A045E96B998B40533C7FF;
			remoteInfo = Plurifold;
		};
		34C9FB4242E844EF07B6170B = {
			isa = PBXTargetDependency;
			target = 8C1A045E96B998B40533C7FF;
			targetProxy = 7BBE231E09E510FA51430243;
		};
		2ADDEE89B29C55E11126D89F = {
			isa = PBXNativeTarget;
			buildConfigurationList = 3AC24B37B5C6634D049790CE;
			buildPhases = (
				DE2F315977E833CC2ECF764D,
				09701C1ED473FC02B8A57D80,
				41EB5A06123FA83769D9447E,
			);
			buildRules = ();
			dependencies = (
				34C9FB4242E844EF07B6170B,
			);
			name = PlurifoldTests;
			productName = PlurifoldTests;
			productReference = 70F09BF32F6D77A92FF191B4;
			productType = "com.apple.product-type.bundle.unit-test";
		};
		244210E48437B6556980A702 = {
			isa = PBXProject;
			attributes = {
				BuildIndependentTargetsInParallel = YES;
				LastUpgradeCheck = 1500;
				TargetAttributes = {
					8C1A045E96B998B40533C7FF = {
						CreatedOnToolsVersion = 15.0;
					};
					2ADDEE89B29C55E11126D89F = {
						CreatedOnToolsVersion = 15.0;
						TestTargetID = 8C1A045E96B998B40533C7FF;
					};
				};
			};
			buildConfigurationList = 1922B098E983995960BE56B0;
			compatibilityVersion = "Xcode 14.0";
			developmentRegion = en;
			hasScannedForEncodings = 0;
			knownRegions = (
				en,
				Base,
			);
			mainGroup = CC5D242D023A9271190EA7C6;
			productRefGroup = 6F7199ED7B63CDA338A0FB82;
			projectDirPath = "";
			projectRoot = "";
			targets = (
				8C1A045E96B998B40533C7FF,
				2ADDEE89B29C55E11126D89F,
			);
		};
	};
	rootObject = 244210E48437B6556980A702;
}
